
Microsoft Visual Studio Solution File, Format Version 12.00
# Visual Studio 14
VisualStudioVersion = 14.0.23107.0
MinimumVisualStudioVersion = 10.0.40219.1
Project("{FAE04EC0-301F-11D3-BF4B-00C04F79EFBC}") = "magnatrust", "magnatrust\magnatrust.csproj", "{ACF4EEF7-843F-418A-8B7B-4436E085A523}"
EndProject
Project("{FAE04EC0-301F-11D3-BF4B-00C04F79EFBC}") = "site", "site\site.csproj", "{C1E00237-56C1-4265-A0C4-2744952A6FA6}"
EndProject
Global
	GlobalSection(SolutionConfigurationPlatforms) = preSolution
		Debug|Any CPU = Debug|Any CPU
		Release|Any CPU = Release|Any CPU
	EndGlobalSection
	GlobalSection(ProjectConfigurationPlatforms) = postSolution
		{ACF4EEF7-843F-418A-8B7B-4436E085A523}.Debug|Any CPU.ActiveCfg = Debug|Any CPU
		{ACF4EEF7-843F-418A-8B7B-4436E085A523}.Debug|Any CPU.Build.0 = Debug|Any CPU
		{ACF4EEF7-843F-418A-8B7B-4436E085A523}.Release|Any CPU.ActiveCfg = Release|Any CPU
		{ACF4EEF7-843F-418A-8B7B-4436E085A523}.Release|Any CPU.Build.0 = Release|Any CPU
		{C1E00237-56C1-4265-A0C4-2744952A6FA6}.Debug|Any CPU.ActiveCfg = Debug|Any CPU
		{C1E00237-56C1-4265-A0C4-2744952A6FA6}.Debug|Any CPU.Build.0 = Debug|Any CPU
		{C1E00237-56C1-4265-A0C4-2744952A6FA6}.Release|Any CPU.ActiveCfg = Release|Any CPU
		{C1E00237-56C1-4265-A0C4-2744952A6FA6}.Release|Any CPU.Build.0 = Release|Any CPU
	EndGlobalSection
	GlobalSection(SolutionProperties) = preSolution
		HideSolutionNode = FALSE
	EndGlobalSection
EndGlobal
